// !$*UTF8*$!
{
	archiveVersion = 1;
	classes = {
	};
	objectVersion = 56;
	objects = {

/* Begin PBXBuildFile section */
		C255FAFD292F604D00C46193 /* dynamicTabIndicatorApp.swift in Sources */ = {isa = PBXBuildFile; fileRef = C255FAFC292F604D00C46193 /* dynamicTabIndicatorApp.swift */; };
		C255FAFF292F604D00C46193 /* ContentView.swift in Sources */ = {isa = PBXBuildFile; fileRef = C255FAFE292F604D00C46193 /* ContentView.swift */; };
		C255FB01292F604F00C46193 /* Assets.xcassets in Resources */ = {isa = PBXBuildFile; fileRef = C255FB00292F604F00C46193 /* Assets.xcassets */; };
		C255FB04292F604F00C46193 /* Preview Assets.xcassets in Resources */ = {isa = PBXBuildFile; fileRef = C255FB03292F604F00C46193 /* Preview Assets.xcassets */; };
		C255FB0E292F604F00C46193 /* dynamicTabIndicatorTests.swift in Sources */ = {isa = PBXBuildFile; fileRef = C255FB0D292F604F00C46193 /* dynamicTabIndicatorTests.swift */; };
		C255FB18292F604F00C46193 /* dynamicTabIndicatorUITests.swift in Sources */ = {isa = PBXBuildFile; fileRef = C255FB17292F604F00C46193 /* dynamicTabIndicatorUITests.swift */; };
		C255FB1A292F604F00C46193 /* dynamicTabIndicatorUITestsLaunchTests.swift in Sources */ = {isa = PBXBuildFile; fileRef = C255FB19292F604F00C46193 /* dynamicTabIndicatorUITestsLaunchTests.swift */; };
		C255FB29292F68D400C46193 /* TabModel.swift in Sources */ = {isa = PBXBuildFile; fileRef = C255FB28292F68D400C46193 /* TabModel.swift */; };
		C255FB2B292F697600C46193 /* HomeView.swift in Sources */ = {isa = PBXBuildFile; fileRef = C255FB2A292F697600C46193 /* HomeView.swift */; };
		C255FB2D292F869300C46193 /* Extensions.swift in Sources */ = {isa = PBXBuildFile; fileRef = C255FB2C292F869300C46193 /* Extensions.swift */; };
/* End PBXBuildFile section */

/* Begin PBXContainerItemProxy section */
		C255FB0A292F604F00C46193 /* PBXContainerItemProxy */ = {
			isa = PBXContainerItemProxy;
			containerPortal = C255FAF1292F604D00C46193 /* Project object */;
			proxyType = 1;
			remoteGlobalIDString = C255FAF8292F604D00C46193;
			remoteInfo = dynamicTabIndicator;
		};
		C255FB14292F604F00C46193 /* PBXContainerItemProxy */ = {
			isa = PBXContainerItemProxy;
			containerPortal = C255FAF1292F604D00C46193 /* Project object */;
			proxyType = 1;
			remoteGlobalIDString = C255FAF8292F604D00C46193;
			remoteInfo = dynamicTabIndicator;
		};
/* End PBXContainerItemProxy section */

/* Begin PBXFileReference section */
		C255FAF9292F604D00C46193 /* dynamicTabIndicator.app */ = {isa = PBXFileReference; explicitFileType = wrapper.application; includeInIndex = 0; path = dynamicTabIndicator.app; sourceTree = BUILT_PRODUCTS_DIR; };
		C255FAFC292F604D00C46193 /* dynamicTabIndicatorApp.swift */ = {isa = PBXFileReference; lastKnownFileType = sourcecode.swift; path = dynamicTabIndicatorApp.swift; sourceTree = "<group>"; };
		C255FAFE292F604D00C46193 /* ContentView.swift */ = {isa = PBXFileReference; lastKnownFileType = sourcecode.swift; path = ContentView.swift; sourceTree = "<group>"; };
		C255FB00292F604F00C46193 /* Assets.xcassets */ = {isa = PBXFileReference; lastKnownFileType = folder.assetcatalog; path = Assets.xcassets; sourceTree = "<group>"; };
		C255FB03292F604F00C46193 /* Preview Assets.xcassets */ = {isa = PBXFileReference; lastKnownFileType = folder.assetcatalog; path = "Preview Assets.xcassets"; sourceTree = "<group>"; };
		C255FB09292F604F00C46193 /* dynamicTabIndicatorTests.xctest */ = {isa = PBXFileReference; explicitFileType = wrapper.cfbundle; includeInIndex = 0; path = dynamicTabIndicatorTests.xctest; sourceTree = BUILT_PRODUCTS_DIR; };
		C255FB0D292F604F00C46193 /* dynamicTabIndicatorTests.swift */ = {isa = PBXFileReference; lastKnownFileType = sourcecode.swift; path = dynamicTabIndicatorTests.swift; sourceTree = "<group>"; };
		C255FB13292F604F00C46193 /* dynamicTabIndicatorUITests.xctest */ = {isa = PBXFileReference; explicitFileType = wrapper.cfbundle; includeInIndex = 0; path = dynamicTabIndicatorUITests.xctest; sourceTree = BUILT_PRODUCTS_DIR; };
		C255FB17292F604F00C46193 /* dynamicTabIndicatorUITests.swift */ = {isa = PBXFileReference; lastKnownFileType = sourcecode.swift; path = dynamicTabIndicatorUITests.swift; sourceTree = "<group>"; };
		C255FB19292F604F00C46193 /* dynamicTabIndicatorUITestsLaunchTests.swift */ = {isa = PBXFileReference; lastKnownFileType = sourcecode.swift; path = dynamicTabIndicatorUITestsLaunchTests.swift; sourceTree = "<group>"; };
		C255FB28292F68D400C46193 /* TabModel.swift */ = {isa = PBXFileReference; lastKnownFileType = sourcecode.swift; path = TabModel.swift; sourceTree = "<group>"; };
		C255FB2A292F697600C46193 /* HomeView.swift */ = {isa = PBXFileReference; lastKnownFileType = sourcecode.swift; path = HomeView.swift; sourceTree = "<group>"; };
		C255FB2C292F869300C46193 /* Extensions.swift */ = {isa = PBXFileReference; lastKnownFileType = sourcecode.swift; path = Extensions.swift; sourceTree = "<group>"; };
/* End PBXFileReference section */

/* Begin PBXFrameworksBuildPhase section */
		C255FAF6292F604D00C46193 /* Frameworks */ = {
			isa = PBXFrameworksBuildPhase;
			buildActionMask = 2147483647;
			files = (
			);
			runOnlyForDeploymentPostprocessing = 0;
		};
		C255FB06292F604F00C46193 /* Frameworks */ = {
			isa = PBXFrameworksBuildPhase;
			buildActionMask = 2147483647;
			files = (
			);
			runOnlyForDeploymentPostprocessing = 0;
		};
		C255FB10292F604F00C46193 /* Frameworks */ = {
			isa = PBXFrameworksBuildPhase;
			buildActionMask = 2147483647;
			files = (
			);
			runOnlyForDeploymentPostprocessing = 0;
		};
/* End PBXFrameworksBuildPhase section */

/* Begin PBXGroup section */
		C255FAF0292F604D00C46193 = {
			isa = PBXGroup;
			children = (
				C255FAFB292F604D00C46193 /* dynamicTabIndicator */,
				C255FB0C292F604F00C46193 /* dynamicTabIndicatorTests */,
				C255FB16292F604F00C46193 /* dynamicTabIndicatorUITests */,
				C255FAFA292F604D00C46193 /* Products */,
			);
			sourceTree = "<group>";
		};
		C255FAFA292F604D00C46193 /* Products */ = {
			isa = PBXGroup;
			children = (
				C255FAF9292F604D00C46193 /* dynamicTabIndicator.app */,
				C255FB09292F604F00C46193 /* dynamicTabIndicatorTests.xctest */,
				C255FB13292F604F00C46193 /* dynamicTabIndicatorUITests.xctest */,
			);
			name = Products;
			sourceTree = "<group>";
		};
		C255FAFB292F604D00C46193 /* dynamicTabIndicator */ = {
			isa = PBXGroup;
			children = (
				C255FB2E292F8A4400C46193 /* Extensions */,
				C255FB27292F68B700C46193 /* Model */,
				C255FB26292F68B200C46193 /* View */,
				C255FAFC292F604D00C46193 /* dynamicTabIndicatorApp.swift */,
				C255FAFE292F604D00C46193 /* ContentView.swift */,
				C255FB00292F604F00C46193 /* Assets.xcassets */,
				C255FB02292F604F00C46193 /* Preview Content */,
			);
			path = dynamicTabIndicator;
			sourceTree = "<group>";
		};
		C255FB02292F604F00C46193 /* Preview Content */ = {
			isa = PBXGroup;
			children = (
				C255FB03292F604F00C46193 /* Preview Assets.xcassets */,
			);
			path = "Preview Content";
			sourceTree = "<group>";
		};
		C255FB0C292F604F00C46193 /* dynamicTabIndicatorTests */ = {
			isa = PBXGroup;
			children = (
				C255FB0D292F604F00C46193 /* dynamicTabIndicatorTests.swift */,
			);
			path = dynamicTabIndicatorTests;
			sourceTree = "<group>";
		};
		C255FB16292F604F00C46193 /* dynamicTabIndicatorUITests */ = {
			isa = PBXGroup;
			children = (
				C255FB17292F604F00C46193 /* dynamicTabIndicatorUITests.swift */,
				C255FB19292F604F00C46193 /* dynamicTabIndicatorUITestsLaunchTests.swift */,
			);
			path = dynamicTabIndicatorUITests;
			sourceTree = "<group>";
		};
		C255FB26292F68B200C46193 /* View */ = {
			isa = PBXGroup;
			children = (
				C255FB2A292F697600C46193 /* HomeView.swift */,
			);
			path = View;
			sourceTree = "<group>";
		};
		C255FB27292F68B700C46193 /* Model */ = {
			isa = PBXGroup;
			children = (
				C255FB28292F68D400C46193 /* TabModel.swift */,
			);
			path = Model;
			sourceTree = "<group>";
		};
		C255FB2E292F8A4400C46193 /* Extensions */ = {
			isa = PBXGroup;
			children = (
				C255FB2C292F869300C46193 /* Extensions.swift */,
			);
			path = Extensions;
			sourceTree = "<group>";
		};
/* End PBXGroup section */

/* Begin PBXNativeTarget section */
		C255FAF8292F604D00C46193 /* dynamicTabIndicator */ = {
			isa = PBXNativeTarget;
			buildConfigurationList = C255FB1D292F604F00C46193 /* Build configuration list for PBXNativeTarget "dynamicTabIndicator" */;
			buildPhases = (
				C255FAF5292F604D00C46193 /* Sources */,
				C255FAF6292F604D00C46193 /* Frameworks */,
				C255FAF7292F604D00C46193 /* Resources */,
			);
			buildRules = (
			);
			dependencies = (
			);
			name = dynamicTabIndicator;
			productName = dynamicTabIndicator;
			productReference = C255FAF9292F604D00C46193 /* dynamicTabIndicator.app */;
			productType = "com.apple.product-type.application";
		};
		C255FB08292F604F00C46193 /* dynamicTabIndicatorTests */ = {
			isa = PBXNativeTarget;
			buildConfigurationList = C255FB20292F604F00C46193 /* Build configuration list for PBXNativeTarget "dynamicTabIndicatorTests" */;
			buildPhases = (
				C255FB05292F604F00C46193 /* Sources */,
				C255FB06292F604F00C46193 /* Frameworks */,
				C255FB07292F604F00C46193 /* Resources */,
			);
			buildRules = (
			);
			dependencies = (
				C255FB0B292F604F00C46193 /* PBXTargetDependency */,
			);
			name = dynamicTabIndicatorTests;
			productName = dynamicTabIndicatorTests;
			productReference = C255FB09292F604F00C46193 /* dynamicTabIndicatorTests.xctest */;
			productType = "com.apple.product-type.bundle.unit-test";
		};
		C255FB12292F604F00C46193 /* dynamicTabIndicatorUITests */ = {
			isa = PBXNativeTarget;
			buildConfigurationList = C255FB23292F604F00C46193 /* Build configuration list for PBXNativeTarget "dynamicTabIndicatorUITests" */;
			buildPhases = (
				C255FB0F292F604F00C46193 /* Sources */,
				C255FB10292F604F00C46193 /* Frameworks */,
				C255FB11292F604F00C46193 /* Resources */,
			);
			buildRules = (
			);
			dependencies = (
				C255FB15292F604F00C46193 /* PBXTargetDependency */,
			);
			name = dynamicTabIndicatorUITests;
			productName = dynamicTabIndicatorUITests;
			productReference = C255FB13292F604F00C46193 /* dynamicTabIndicatorUITests.xctest */;
			productType = "com.apple.product-type.bundle.ui-testing";
		};
/* End PBXNativeTarget section */

/* Begin PBXProject section */
		C255FAF1292F604D00C46193 /* Project object */ = {
			isa = PBXProject;
			attributes = {
				BuildIndependentTargetsInParallel = 1;
				LastSwiftUpdateCheck = 1400;
				LastUpgradeCheck = 1400;
				TargetAttributes = {
					C255FAF8292F604D00C46193 = {
						CreatedOnToolsVersion = 14.0.1;
					};
					C255FB08292F604F00C46193 = {
						CreatedOnToolsVersion = 14.0.1;
						TestTargetID = C255FAF8292F604D00C46193;
					};
					C255FB12292F604F00C46193 = {
						CreatedOnToolsVersion = 14.0.1;
						TestTargetID = C255FAF8292F604D00C46193;
					};
				};
			};
			buildConfigurationList = C255FAF4292F604D00C46193 /* Build configuration list for PBXProject "dynamicTabIndicator" */;
			compatibilityVersion = "Xcode 14.0";
			developmentRegion = en;
			hasScannedForEncodings = 0;
			knownRegions = (
				en,
				Base,
			);
			mainGroup = C255FAF0292F604D00C46193;
			productRefGroup = C255FAFA292F604D00C46193 /* Products */;
			projectDirPath = "";
			projectRoot = "";
			targets = (
				C255FAF8292F604D00C46193 /* dynamicTabIndicator */,
				C255FB08292F604F00C46193 /* dynamicTabIndicatorTests */,
				C255FB12292F604F00C46193 /* dynamicTabIndicatorUITests */,
			);
		};
/* End PBXProject section */

/* Begin PBXResourcesBuildPhase section */
		C255FAF7292F604D00C46193 /* Resources */ = {
			isa = PBXResourcesBuildPhase;
			buildActionMask = 2147483647;
			files = (
				C255FB04292F604F00C46193 /* Preview Assets.xcassets in Resources */,
				C255FB01292F604F00C46193 /* Assets.xcassets in Resources */,
			);
			runOnlyForDeploymentPostprocessing = 0;
		};
		C255FB07292F604F00C46193 /* Resources */ = {
			isa = PBXResourcesBuildPhase;
			buildActionMask = 2147483647;
			files = (
			);
			runOnlyForDeploymentPostprocessing = 0;
		};
		C255FB11292F604F00C46193 /* Resources */ = {
			isa = PBXResourcesBuildPhase;
			buildActionMask = 2147483647;
			files = (
			);
			runOnlyForDeploymentPostprocessing = 0;
		};
/* End PBXResourcesBuildPhase section */

/* Begin PBXSourcesBuildPhase section */
		C255FAF5292F604D00C46193 /* Sources */ = {
			isa = PBXSourcesBuildPhase;
			buildActionMask = 2147483647;
			files = (
				C255FB2D292F869300C46193 /* Extensions.swift in Sources */,
				C255FB29292F68D400C46193 /* TabModel.swift in Sources */,
				C255FB2B292F697600C46193 /* HomeView.swift in Sources */,
				C255FAFF292F604D00C46193 /* ContentView.swift in Sources */,
				C255FAFD292F604D00C46193 /* dynamicTabIndicatorApp.swift in Sources */,
			);
			runOnlyForDeploymentPostprocessing = 0;
		};
		C255FB05292F604F00C46193 /* Sources */ = {
			isa = PBXSourcesBuildPhase;
			buildActionMask = 2147483647;
			files = (
				C255FB0E292F604F00C46193 /* dynamicTabIndicatorTests.swift in Sources */,
			);
			runOnlyForDeploymentPostprocessing = 0;
		};
		C255FB0F292F604F00C46193 /* Sources */ = {
			isa = PBXSourcesBuildPhase;
			buildActionMask = 2147483647;
			files = (
				C255FB1A292F604F00C46193 /* dynamicTabIndicatorUITestsLaunchTests.swift in Sources */,
				C255FB18292F604F00C46193 /* dynamicTabIndicatorUITests.swift in Sources */,
			);
			runOnlyForDeploymentPostprocessing = 0;
		};
/* End PBXSourcesBuildPhase section */

/* Begin PBXTargetDependency section */
		C255FB0B292F604F00C46193 /* PBXTargetDependency */ = {
			isa = PBXTargetDependency;
			target = C255FAF8292F604D00C46193 /* dynamicTabIndicator */;
			targetProxy = C255FB0A292F604F00C46193 /* PBXContainerItemProxy */;
		};
		C255FB15292F604F00C46193 /* PBXTargetDependency */ = {
			isa = PBXTargetDependency;
			target = C255FAF8292F604D00C46193 /* dynamicTabIndicator */;
			targetProxy = C255FB14292F604F00C46193 /* PBXContainerItemProxy */;
		};
/* End PBXTargetDependency section */

/* Begin XCBuildConfiguration section */
		C255FB1B292F604F00C46193 /* Debug */ = {
			isa = XCBuildConfiguration;
			buildSettings = {
				ALWAYS_SEARCH_USER_PATHS = NO;
				CLANG_ANALYZER_NONNULL = YES;
				CLANG_ANALYZER_NUMBER_OBJECT_CONVERSION = YES_AGGRESSIVE;
				CLANG_CXX_LANGUAGE_STANDARD = "gnu++20";
				CLANG_ENABLE_MODULES = YES;
				CLANG_ENABLE_OBJC_ARC = YES;
				CLANG_ENABLE_OBJC_WEAK = YES;
				CLANG_WARN_BLOCK_CAPTURE_AUTORELEASING = YES;
				CLANG_WARN_BOOL_CONVERSION = YES;
				CLANG_WARN_COMMA = YES;
				CLANG_WARN_CONSTANT_CONVERSION = YES;
				CLANG_WARN_DEPRECATED_OBJC_IMPLEMENTATIONS = YES;
				CLANG_WARN_DIRECT_OBJC_ISA_USAGE = YES_ERROR;
				CLANG_WARN_DOCUMENTATION_COMMENTS = YES;
				CLANG_WARN_EMPTY_BODY = YES;
				CLANG_WARN_ENUM_CONVERSION = YES;
				CLANG_WARN_INFINITE_RECURSION = YES;
				CLANG_WARN_INT_CONVERSION = YES;
				CLANG_WARN_NON_LITERAL_NULL_CONVERSION = YES;
				CLANG_WARN_OBJC_IMPLICIT_RETAIN_SELF = YES;
				CLANG_WARN_OBJC_LITERAL_CONVERSION = YES;
				CLANG_WARN_OBJC_ROOT_CLASS = YES_ERROR;
				CLANG_WARN_QUOTED_INCLUDE_IN_FRAMEWORK_HEADER = YES;
				CLANG_WARN_RANGE_LOOP_ANALYSIS = YES;
				CLANG_WARN_STRICT_PROTOTYPES = YES;
				CLANG_WARN_SUSPICIOUS_MOVE = YES;
				CLANG_WARN_UNGUARDED_AVAILABILITY = YES_AGGRESSIVE;
				CLANG_WARN_UNREACHABLE_CODE = YES;
				CLANG_WARN__DUPLICATE_METHOD_MATCH = YES;
				COPY_PHASE_STRIP = NO;
				DEBUG_INFORMATION_FORMAT = dwarf;
				ENABLE_STRICT_OBJC_MSGSEND = YES;
				ENABLE_TESTABILITY = YES;
				GCC_C_LANGUAGE_STANDARD = gnu11;
				GCC_DYNAMIC_NO_PIC = NO;
				GCC_NO_COMMON_BLOCKS = YES;
				GCC_OPTIMIZATION_LEVEL = 0;
				GCC_PREPROCESSOR_DEFINITIONS = (
					"DEBUG=1",
					"$(inherited)",
				);
				GCC_WARN_64_TO_32_BIT_CONVERSION = YES;
				GCC_WARN_ABOUT_RETURN_TYPE = YES_ERROR;
				GCC_WARN_UNDECLARED_SELECTOR = YES;
				GCC_WARN_UNINITIALIZED_AUTOS = YES_AGGRESSIVE;
				GCC_WARN_UNUSED_FUNCTION = YES;
				GCC_WARN_UNUSED_VARIABLE = YES;
				IPHONEOS_DEPLOYMENT_TARGET = 16.0;
				MTL_ENABLE_DEBUG_INFO = INCLUDE_SOURCE;
				MTL_FAST_MATH = YES;
				ONLY_ACTIVE_ARCH = YES;
				SDKROOT = iphoneos;
				SWIFT_ACTIVE_COMPILATION_CONDITIONS = DEBUG;
				SWIFT_OPTIMIZATION_LEVEL = "-Onone";
			};
			name = Debug;
		};
		C255FB1C292F604F00C46193 /* Release */ = {
			isa = XCBuildConfiguration;
			buildSettings = {
				ALWAYS_SEARCH_USER_PATHS = NO;
				CLANG_ANALYZER_NONNULL = YES;
				CLANG_ANALYZER_NUMBER_OBJECT_CONVERSION = YES_AGGRESSIVE;
				CLANG_CXX_LANGUAGE_STANDARD = "gnu++20";
				CLANG_ENABLE_MODULES = YES;
				CLANG_ENABLE_OBJC_ARC = YES;
				CLANG_ENABLE_OBJC_WEAK = YES;
				CLANG_WARN_BLOCK_CAPTURE_AUTORELEASING = YES;
				CLANG_WARN_BOOL_CONVERSION = YES;
				CLANG_WARN_COMMA = YES;
				CLANG_WARN_CONSTANT_CONVERSION = YES;
				CLANG_WARN_DEPRECATED_OBJC_IMPLEMENTATIONS = YES;
				CLANG_WARN_DIRECT_OBJC_ISA_USAGE = YES_ERROR;
				CLANG_WARN_DOCUMENTATION_COMMENTS = YES;
				CLANG_WARN_EMPTY_BODY = YES;
				CLANG_WARN_ENUM_CONVERSION = YES;
				CLANG_WARN_INFINITE_RECURSION = YES;
				CLANG_WARN_INT_CONVERSION = YES;
				CLANG_WARN_NON_LITERAL_NULL_CONVERSION = YES;
				CLANG_WARN_OBJC_IMPLICIT_RETAIN_SELF = YES;
				CLANG_WARN_OBJC_LITERAL_CONVERSION = YES;
				CLANG_WARN_OBJC_ROOT_CLASS = YES_ERROR;
				CLANG_WARN_QUOTED_INCLUDE_IN_FRAMEWORK_HEADER = YES;
				CLANG_WARN_RANGE_LOOP_ANALYSIS = YES;
				CLANG_WARN_STRICT_PROTOTYPES = YES;
				CLANG_WARN_SUSPICIOUS_MOVE = YES;
				CLANG_WARN_UNGUARDED_AVAILABILITY = YES_AGGRESSIVE;
				CLANG_WARN_UNREACHABLE_CODE = YES;
				CLANG_WARN__DUPLICATE_METHOD_MATCH = YES;
				COPY_PHASE_STRIP = NO;
				DEBUG_INFORMATION_FORMAT = "dwarf-with-dsym";
				ENABLE_NS_ASSERTIONS = NO;
				ENABLE_STRICT_OBJC_MSGSEND = YES;
				GCC_C_LANGUAGE_STANDARD = gnu11;
				GCC_NO_COMMON_BLOCKS = YES;
				GCC_WARN_64_TO_32_BIT_CONVERSION = YES;
				GCC_WARN_ABOUT_RETURN_TYPE = YES_ERROR;
				GCC_WARN_UNDECLARED_SELECTOR = YES;
				GCC_WARN_UNINITIALIZED_AUTOS = YES_AGGRESSIVE;
				GCC_WARN_UNUSED_FUNCTION = YES;
				GCC_WARN_UNUSED_VARIABLE = YES;
				IPHONEOS_DEPLOYMENT_TARGET = 16.0;
				MTL_ENABLE_DEBUG_INFO = NO;
				MTL_FAST_MATH = YES;
				SDKROOT = iphoneos;
				SWIFT_COMPILATION_MODE = wholemodule;
				SWIFT_OPTIMIZATION_LEVEL = "-O";
				VALIDATE_PRODUCT = YES;
			};
			name = Release;
		};
		C255FB1E292F604F00C46193 /* Debug */ = {
			isa = XCBuildConfiguration;
			buildSettings = {
				ASSETCATALOG_COMPILER_APPICON_NAME = AppIcon;
				ASSETCATALOG_COMPILER_GLOBAL_ACCENT_COLOR_NAME = AccentColor;
				CODE_SIGN_STYLE = Automatic;
				CURRENT_PROJECT_VERSION = 1;
				DEVELOPMENT_ASSET_PATHS = "\"dynamicTabIndicator/Preview Content\"";
				DEVELOPMENT_TEAM = B9SDD9KWUJ;
				ENABLE_PREVIEWS = YES;
				GENERATE_INFOPLIST_FILE = YES;
				INFOPLIST_KEY_UIApplicationSceneManifest_Generation = YES;
				INFOPLIST_KEY_UIApplicationSupportsIndirectInputEvents = YES;
				INFOPLIST_KEY_UILaunchScreen_Generation = YES;
				INFOPLIST_KEY_UISupportedInterfaceOrientations_iPad = "UIInterfaceOrientationPortrait UIInterfaceOrientationPortraitUpsideDown UIInterfaceOrientationLandscapeLeft UIInterfaceOrientationLandscapeRight";
				INFOPLIST_KEY_UISupportedInterfaceOrientations_iPhone = "UIInterfaceOrientationPortrait UIInterfaceOrientationLandscapeLeft UIInterfaceOrientationLandscapeRight";
				LD_RUNPATH_SEARCH_PATHS = (
					"$(inherited)",
					"@executable_path/Frameworks",
				);
				MARKETING_VERSION = 1.0;
				PRODUCT_BUNDLE_IDENTIFIER = com.spearhead.dynamicTabIndicator;
				PRODUCT_NAME = "$(TARGET_NAME)";
				SWIFT_EMIT_LOC_STRINGS = YES;
				SWIFT_VERSION = 5.0;
				TARGETED_DEVICE_FAMILY = "1,2";
			};
			name = Debug;
		};
		C255FB1F292F604F00C46193 /* Release */ = {
			isa = XCBuildConfiguration;
			buildSettings = {
				ASSETCATALOG_COMPILER_APPICON_NAME = AppIcon;
				ASSETCATALOG_COMPILER_GLOBAL_ACCENT_COLOR_NAME = AccentColor;
				CODE_SIGN_STYLE = Automatic;
				CURRENT_PROJECT_VERSION = 1;
				DEVELOPMENT_ASSET_PATHS = "\"dynamicTabIndicator/Preview Content\"";
				DEVELOPMENT_TEAM = B9SDD9KWUJ;
				ENABLE_PREVIEWS = YES;
				GENERATE_INFOPLIST_FILE = YES;
				INFOPLIST_KEY_UIApplicationSceneManifest_Generation = YES;
				INFOPLIST_KEY_UIApplicationSupportsIndirectInputEvents = YES;
				INFOPLIST_KEY_UILaunchScreen_Generation = YES;
				INFOPLIST_KEY_UISupportedInterfaceOrientations_iPad = "UIInterfaceOrientationPortrait UIInterfaceOrientationPortraitUpsideDown UIInterfaceOrientationLandscapeLeft UIInterfaceOrientationLandscapeRight";
				INFOPLIST_KEY_UISupportedInterfaceOrientations_iPhone = "UIInterfaceOrientationPortrait UIInterfaceOrientationLandscapeLeft UIInterfaceOrientationLandscapeRight";
				LD_RUNPATH_SEARCH_PATHS = (
					"$(inherited)",
					"@executable_path/Frameworks",
				);
				MARKETING_VERSION = 1.0;
				PRODUCT_BUNDLE_IDENTIFIER = com.spearhead.dynamicTabIndicator;
				PRODUCT_NAME = "$(TARGET_NAME)";
				SWIFT_EMIT_LOC_STRINGS = YES;
				SWIFT_VERSION = 5.0;
				TARGETED_DEVICE_FAMILY = "1,2";
			};
			name = Release;
		};
		C255FB21292F604F00C46193 /* Debug */ = {
			isa = XCBuildConfiguration;
			buildSettings = {
				ALWAYS_EMBED_SWIFT_STANDARD_LIBRARIES = YES;
				BUNDLE_LOADER = "$(TEST_HOST)";
				CODE_SIGN_STYLE = Automatic;
				CURRENT_PROJECT_VERSION = 1;
				DEVELOPMENT_TEAM = B9SDD9KWUJ;
				GENERATE_INFOPLIST_FILE = YES;
				IPHONEOS_DEPLOYMENT_TARGET = 16.0;
				MARKETING_VERSION = 1.0;
				PRODUCT_BUNDLE_IDENTIFIER = com.spearhead.dynamicTabIndicatorTests;
				PRODUCT_NAME = "$(TARGET_NAME)";
				SWIFT_EMIT_LOC_STRINGS = NO;
				SWIFT_VERSION = 5.0;
				TARGETED_DEVICE_FAMILY = "1,2";
				TEST_HOST = "$(BUILT_PRODUCTS_DIR)/dynamicTabIndicator.app/$(BUNDLE_EXECUTABLE_FOLDER_PATH)/dynamicTabIndicator";
			};
			name = Debug;
		};
		C255FB22292F604F00C46193 /* Release */ = {
			isa = XCBuildConfiguration;
			buildSettings = {
				ALWAYS_EMBED_SWIFT_STANDARD_LIBRARIES = YES;
				BUNDLE_LOADER = "$(TEST_HOST)";
				CODE_SIGN_STYLE = Automatic;
				CURRENT_PROJECT_VERSION = 1;
				DEVELOPMENT_TEAM = B9SDD9KWUJ;
				GENERATE_INFOPLIST_FILE = YES;
				IPHONEOS_DEPLOYMENT_TARGET = 16.0;
				MARKETING_VERSION = 1.0;
				PRODUCT_BUNDLE_IDENTIFIER = com.spearhead.dynamicTabIndicatorTests;
				PRODUCT_NAME = "$(TARGET_NAME)";
				SWIFT_EMIT_LOC_STRINGS = NO;
				SWIFT_VERSION = 5.0;
				TARGETED_DEVICE_FAMILY = "1,2";
				TEST_HOST = "$(BUILT_PRODUCTS_DIR)/dynamicTabIndicator.app/$(BUNDLE_EXECUTABLE_FOLDER_PATH)/dynamicTabIndicator";
			};
			name = Release;
		};
		C255FB24292F604F00C46193 /* Debug */ = {
			isa = XCBuildConfiguration;
			buildSettings = {
				ALWAYS_EMBED_SWIFT_STANDARD_LIBRARIES = YES;
				CODE_SIGN_STYLE = Automatic;
				CURRENT_PROJECT_VERSION = 1;
				DEVELOPMENT_TEAM = B9SDD9KWUJ;
				GENERATE_INFOPLIST_FILE = YES;
				MARKETING_VERSION = 1.0;
				PRODUCT_BUNDLE_IDENTIFIER = com.spearhead.dynamicTabIndicatorUITests;
				PRODUCT_NAME = "$(TARGET_NAME)";
				SWIFT_EMIT_LOC_STRINGS = NO;
				SWIFT_VERSION = 5.0;
				TARGETED_DEVICE_FAMILY = "1,2";
				TEST_TARGET_NAME = dynamicTabIndicator;
			};
			name = Debug;
		};
		C255FB25292F604F00C46193 /* Release */ = {
			isa = XCBuildConfiguration;
			buildSettings = {
				ALWAYS_EMBED_SWIFT_STANDARD_LIBRARIES = YES;
				CODE_SIGN_STYLE = Automatic;
				CURRENT_PROJECT_VERSION = 1;
				DEVELOPMENT_TEAM = B9SDD9KWUJ;
				GENERATE_INFOPLIST_FILE = YES;
				MARKETING_VERSION = 1.0;
				PRODUCT_BUNDLE_IDENTIFIER = com.spearhead.dynamicTabIndicatorUITests;
				PRODUCT_NAME = "$(TARGET_NAME)";
				SWIFT_EMIT_LOC_STRINGS = NO;
				SWIFT_VERSION = 5.0;
				TARGETED_DEVICE_FAMILY = "1,2";
				TEST_TARGET_NAME = dynamicTabIndicator;
			};
			name = Release;
		};
/* End XCBuildConfiguration section */

/* Begin XCConfigurationList section */
		C255FAF4292F604D00C46193 /* Build configuration list for PBXProject "dynamicTabIndicator" */ = {
			isa = XCConfigurationList;
			buildConfigurations = (
				C255FB1B292F604F00C46193 /* Debug */,
				C255FB1C292F604F00C46193 /* Release */,
			);
			defaultConfigurationIsVisible = 0;
			defaultConfigurationName = Release;
		};
		C255FB1D292F604F00C46193 /* Build configuration list for PBXNativeTarget "dynamicTabIndicator" */ = {
			isa = XCConfigurationList;
			buildConfigurations = (
				C255FB1E292F604F00C46193 /* Debug */,
				C255FB1F292F604F00C46193 /* Release */,
			);
			defaultConfigurationIsVisible = 0;
			defaultConfigurationName = Release;
		};
		C255FB20292F604F00C46193 /* Build configuration list for PBXNativeTarget "dynamicTabIndicatorTests" */ = {
			isa = XCConfigurationList;
			buildConfigurations = (
				C255FB21292F604F00C46193 /* Debug */,
				C255FB22292F604F00C46193 /* Release */,
			);
			defaultConfigurationIsVisible = 0;
			defaultConfigurationName = Release;
		};
		C255FB23292F604F00C46193 /* Build configuration list for PBXNativeTarget "dynamicTabIndicatorUITests" */ = {
			isa = XCConfigurationList;
			buildConfigurations = (
				C255FB24292F604F00C46193 /* Debug */,
				C255FB25292F604F00C46193 /* Release */,
			);
			defaultConfigurationIsVisible = 0;
			defaultConfigurationName = Release;
		};
/* End XCConfigurationList section */
	};
	rootObject = C255FAF1292F604D00C46193 /* Project object */;
}
